
Microsoft Visual Studio Solution File, Format Version 12.00
# Visual Studio Version 16
VisualStudioVersion = 16.0.30413.136
MinimumVisualStudioVersion = 10.0.40219.1
Project("{FAE04EC0-301F-11D3-BF4B-00C04F79EFBC}") = "CristianOzor", "CristianOzor\CristianOzor.csproj", "{714125CA-9E53-4488-9826-DEBF6BA72860}"
EndProject
Global
	GlobalSection(SolutionConfigurationPlatforms) = preSolution
		Debug|Any CPU = Debug|Any CPU
		Release|Any CPU = Release|Any CPU
	EndGlobalSection
	GlobalSection(ProjectConfigurationPlatforms) = postSolution
		{714125CA-9E53-4488-9826-DEBF6BA72860}.Debug|Any CPU.ActiveCfg = Debug|Any CPU
		{714125CA-9E53-4488-9826-DEBF6BA72860}.Debug|Any CPU.Build.0 = Debug|Any CPU
		{714125CA-9E53-4488-9826-DEBF6BA72860}.Release|Any CPU.ActiveCfg = Release|Any CPU
		{714125CA-9E53-4488-9826-DEBF6BA72860}.Release|Any CPU.Build.0 = Release|Any CPU
	EndGlobalSection
	GlobalSection(SolutionProperties) = preSolution
		HideSolutionNode = FALSE
	EndGlobalSection
	GlobalSection(ExtensibilityGlobals) = postSolution
		SolutionGuid = {0689F26A-6110-4690-A2D5-DC0BEEF17290}
	EndGlobalSection
EndGlobal
