
Microsoft Visual Studio Solution File, Format Version 12.00
# Visual Studio Version 16
VisualStudioVersion = 16.0.30413.136
MinimumVisualStudioVersion = 10.0.40219.1
Project("{FAE04EC0-301F-11D3-BF4B-00C04F79EFBC}") = "Ejercicio2.10", "Ejercicio2.10\Ejercicio2.10.csproj", "{21C05462-416E-4EC8-BC35-6FC68E58EC46}"
EndProject
Global
	GlobalSection(SolutionConfigurationPlatforms) = preSolution
		Debug|Any CPU = Debug|Any CPU
		Release|Any CPU = Release|Any CPU
	EndGlobalSection
	GlobalSection(ProjectConfigurationPlatforms) = postSolution
		{21C05462-416E-4EC8-BC35-6FC68E58EC46}.Debug|Any CPU.ActiveCfg = Debug|Any CPU
		{21C05462-416E-4EC8-BC35-6FC68E58EC46}.Debug|Any CPU.Build.0 = Debug|Any CPU
		{21C05462-416E-4EC8-BC35-6FC68E58EC46}.Release|Any CPU.ActiveCfg = Release|Any CPU
		{21C05462-416E-4EC8-BC35-6FC68E58EC46}.Release|Any CPU.Build.0 = Release|Any CPU
	EndGlobalSection
	GlobalSection(SolutionProperties) = preSolution
		HideSolutionNode = FALSE
	EndGlobalSection
	GlobalSection(ExtensibilityGlobals) = postSolution
		SolutionGuid = {F42B4FD1-D6D5-4017-8E44-8C2BBB9ED68A}
	EndGlobalSection
EndGlobal
