
Microsoft Visual Studio Solution File, Format Version 12.00
# Visual Studio Version 16
VisualStudioVersion = 16.0.30413.136
MinimumVisualStudioVersion = 10.0.40219.1
Project("{FAE04EC0-301F-11D3-BF4B-00C04F79EFBC}") = "egramirez_ej1", "egramirez_ej1\egramirez_ej1.csproj", "{AA263DB4-024A-44A7-92B7-EB1C3E973A44}"
EndProject
Global
	GlobalSection(SolutionConfigurationPlatforms) = preSolution
		Debug|Any CPU = Debug|Any CPU
		Release|Any CPU = Release|Any CPU
	EndGlobalSection
	GlobalSection(ProjectConfigurationPlatforms) = postSolution
		{AA263DB4-024A-44A7-92B7-EB1C3E973A44}.Debug|Any CPU.ActiveCfg = Debug|Any CPU
		{AA263DB4-024A-44A7-92B7-EB1C3E973A44}.Debug|Any CPU.Build.0 = Debug|Any CPU
		{AA263DB4-024A-44A7-92B7-EB1C3E973A44}.Release|Any CPU.ActiveCfg = Release|Any CPU
		{AA263DB4-024A-44A7-92B7-EB1C3E973A44}.Release|Any CPU.Build.0 = Release|Any CPU
	EndGlobalSection
	GlobalSection(SolutionProperties) = preSolution
		HideSolutionNode = FALSE
	EndGlobalSection
	GlobalSection(ExtensibilityGlobals) = postSolution
		SolutionGuid = {BC8C24A8-1DF9-4D0B-9F11-A02FDBE0661A}
	EndGlobalSection
EndGlobal
