
Microsoft Visual Studio Solution File, Format Version 12.00
# Visual Studio Version 16
VisualStudioVersion = 16.0.30413.136
MinimumVisualStudioVersion = 10.0.40219.1
Project("{FAE04EC0-301F-11D3-BF4B-00C04F79EFBC}") = "PRACTICA.3", "PRACTICA.3.csproj", "{D8F78E84-1A0B-4218-91D4-DE179EC5CE15}"
EndProject
Global
	GlobalSection(SolutionConfigurationPlatforms) = preSolution
		Debug|Any CPU = Debug|Any CPU
		Release|Any CPU = Release|Any CPU
	EndGlobalSection
	GlobalSection(ProjectConfigurationPlatforms) = postSolution
		{D8F78E84-1A0B-4218-91D4-DE179EC5CE15}.Debug|Any CPU.ActiveCfg = Debug|Any CPU
		{D8F78E84-1A0B-4218-91D4-DE179EC5CE15}.Debug|Any CPU.Build.0 = Debug|Any CPU
		{D8F78E84-1A0B-4218-91D4-DE179EC5CE15}.Release|Any CPU.ActiveCfg = Release|Any CPU
		{D8F78E84-1A0B-4218-91D4-DE179EC5CE15}.Release|Any CPU.Build.0 = Release|Any CPU
	EndGlobalSection
	GlobalSection(SolutionProperties) = preSolution
		HideSolutionNode = FALSE
	EndGlobalSection
	GlobalSection(ExtensibilityGlobals) = postSolution
		SolutionGuid = {4CA4F900-C5CD-499E-A210-61A21A90EF41}
	EndGlobalSection
EndGlobal
