
Microsoft Visual Studio Solution File, Format Version 12.00
# Visual Studio Version 16
VisualStudioVersion = 16.0.30413.136
MinimumVisualStudioVersion = 10.0.40219.1
Project("{FAE04EC0-301F-11D3-BF4B-00C04F79EFBC}") = "Tarea1", "Tarea1\Tarea1.csproj", "{C820534F-22BA-494B-AEFE-BBFB2E26D038}"
EndProject
Project("{FAE04EC0-301F-11D3-BF4B-00C04F79EFBC}") = "Tarea2", "Tarea2\Tarea2.csproj", "{905668E2-C002-42A4-AE62-7F4D6F39AD5E}"
EndProject
Project("{FAE04EC0-301F-11D3-BF4B-00C04F79EFBC}") = "Tarea3", "Tarea3\Tarea3.csproj", "{26504A5F-5F7C-44D4-AF94-FB8DF637A923}"
EndProject
Project("{FAE04EC0-301F-11D3-BF4B-00C04F79EFBC}") = "Tarea4", "Tarea4\Tarea4.csproj", "{85FE5C0C-540D-4B89-B51A-B53280439329}"
EndProject
Project("{FAE04EC0-301F-11D3-BF4B-00C04F79EFBC}") = "Tarea5", "Tarea5\Tarea5.csproj", "{80F7C95C-92A1-4435-A0EC-7003D3631976}"
EndProject
Project("{FAE04EC0-301F-11D3-BF4B-00C04F79EFBC}") = "Tarea6", "Tarea6\Tarea6.csproj", "{419AB91C-56D4-432A-A429-F13B1B5004F4}"
EndProject
Project("{FAE04EC0-301F-11D3-BF4B-00C04F79EFBC}") = "Tarea7", "Tarea7\Tarea7.csproj", "{D9E6CC29-0056-4BB8-98E0-C487ED159589}"
EndProject
Project("{FAE04EC0-301F-11D3-BF4B-00C04F79EFBC}") = "Tarea8", "Tarea8\Tarea8.csproj", "{B7C22FEC-901D-4B1A-9C03-CAE9125F493D}"
EndProject
Project("{FAE04EC0-301F-11D3-BF4B-00C04F79EFBC}") = "Tarea9", "Tarea9\Tarea9.csproj", "{C942DB9B-8DD8-4B58-A61D-365CE042679F}"
EndProject
Project("{FAE04EC0-301F-11D3-BF4B-00C04F79EFBC}") = "Tarea10", "Tarea10\Tarea10.csproj", "{78449C04-94F0-4006-89AC-749436338D83}"
EndProject
Project("{FAE04EC0-301F-11D3-BF4B-00C04F79EFBC}") = "Tarea12", "Tarea11\Tarea12.csproj", "{AF8E57CD-0DAE-4C79-8F50-48E7E779A30A}"
EndProject
Project("{FAE04EC0-301F-11D3-BF4B-00C04F79EFBC}") = "Tarea11-1", "Tarea11-1\Tarea11-1.csproj", "{A0E0D793-39F7-4CA8-8FE4-B5536D88923F}"
EndProject
Project("{FAE04EC0-301F-11D3-BF4B-00C04F79EFBC}") = "Tarea13", "Tarea13\Tarea13.csproj", "{1F485786-61ED-4AEA-9DED-FA5BFB31397F}"
EndProject
Project("{FAE04EC0-301F-11D3-BF4B-00C04F79EFBC}") = "Tarea14", "Tarea14\Tarea14.csproj", "{0BD41BC0-1F55-492A-ABC3-0F56010714E8}"
EndProject
Project("{FAE04EC0-301F-11D3-BF4B-00C04F79EFBC}") = "Tarea15", "Tarea15\Tarea15.csproj", "{427CCB36-F5C3-4BDA-A18E-29B0BE7F7375}"
EndProject
Project("{FAE04EC0-301F-11D3-BF4B-00C04F79EFBC}") = "Tarea16", "Tarea16\Tarea16.csproj", "{E865CDB5-5879-4B96-B24E-0ECA5CE0FC23}"
EndProject
Global
	GlobalSection(SolutionConfigurationPlatforms) = preSolution
		Debug|Any CPU = Debug|Any CPU
		Release|Any CPU = Release|Any CPU
	EndGlobalSection
	GlobalSection(ProjectConfigurationPlatforms) = postSolution
		{C820534F-22BA-494B-AEFE-BBFB2E26D038}.Debug|Any CPU.ActiveCfg = Debug|Any CPU
		{C820534F-22BA-494B-AEFE-BBFB2E26D038}.Debug|Any CPU.Build.0 = Debug|Any CPU
		{C820534F-22BA-494B-AEFE-BBFB2E26D038}.Release|Any CPU.ActiveCfg = Release|Any CPU
		{C820534F-22BA-494B-AEFE-BBFB2E26D038}.Release|Any CPU.Build.0 = Release|Any CPU
		{905668E2-C002-42A4-AE62-7F4D6F39AD5E}.Debug|Any CPU.ActiveCfg = Debug|Any CPU
		{905668E2-C002-42A4-AE62-7F4D6F39AD5E}.Debug|Any CPU.Build.0 = Debug|Any CPU
		{905668E2-C002-42A4-AE62-7F4D6F39AD5E}.Release|Any CPU.ActiveCfg = Release|Any CPU
		{905668E2-C002-42A4-AE62-7F4D6F39AD5E}.Release|Any CPU.Build.0 = Release|Any CPU
		{26504A5F-5F7C-44D4-AF94-FB8DF637A923}.Debug|Any CPU.ActiveCfg = Debug|Any CPU
		{26504A5F-5F7C-44D4-AF94-FB8DF637A923}.Debug|Any CPU.Build.0 = Debug|Any CPU
		{26504A5F-5F7C-44D4-AF94-FB8DF637A923}.Release|Any CPU.ActiveCfg = Release|Any CPU
		{26504A5F-5F7C-44D4-AF94-FB8DF637A923}.Release|Any CPU.Build.0 = Release|Any CPU
		{85FE5C0C-540D-4B89-B51A-B53280439329}.Debug|Any CPU.ActiveCfg = Debug|Any CPU
		{85FE5C0C-540D-4B89-B51A-B53280439329}.Debug|Any CPU.Build.0 = Debug|Any CPU
		{85FE5C0C-540D-4B89-B51A-B53280439329}.Release|Any CPU.ActiveCfg = Release|Any CPU
		{85FE5C0C-540D-4B89-B51A-B53280439329}.Release|Any CPU.Build.0 = Release|Any CPU
		{80F7C95C-92A1-4435-A0EC-7003D3631976}.Debug|Any CPU.ActiveCfg = Debug|Any CPU
		{80F7C95C-92A1-4435-A0EC-7003D3631976}.Debug|Any CPU.Build.0 = Debug|Any CPU
		{80F7C95C-92A1-4435-A0EC-7003D3631976}.Release|Any CPU.ActiveCfg = Release|Any CPU
		{80F7C95C-92A1-4435-A0EC-7003D3631976}.Release|Any CPU.Build.0 = Release|Any CPU
		{419AB91C-56D4-432A-A429-F13B1B5004F4}.Debug|Any CPU.ActiveCfg = Debug|Any CPU
		{419AB91C-56D4-432A-A429-F13B1B5004F4}.Debug|Any CPU.Build.0 = Debug|Any CPU
		{419AB91C-56D4-432A-A429-F13B1B5004F4}.Release|Any CPU.ActiveCfg = Release|Any CPU
		{419AB91C-56D4-432A-A429-F13B1B5004F4}.Release|Any CPU.Build.0 = Release|Any CPU
		{D9E6CC29-0056-4BB8-98E0-C487ED159589}.Debug|Any CPU.ActiveCfg = Debug|Any CPU
		{D9E6CC29-0056-4BB8-98E0-C487ED159589}.Debug|Any CPU.Build.0 = Debug|Any CPU
		{D9E6CC29-0056-4BB8-98E0-C487ED159589}.Release|Any CPU.ActiveCfg = Release|Any CPU
		{D9E6CC29-0056-4BB8-98E0-C487ED159589}.Release|Any CPU.Build.0 = Release|Any CPU
		{B7C22FEC-901D-4B1A-9C03-CAE9125F493D}.Debug|Any CPU.ActiveCfg = Debug|Any CPU
		{B7C22FEC-901D-4B1A-9C03-CAE9125F493D}.Debug|Any CPU.Build.0 = Debug|Any CPU
		{B7C22FEC-901D-4B1A-9C03-CAE9125F493D}.Release|Any CPU.ActiveCfg = Release|Any CPU
		{B7C22FEC-901D-4B1A-9C03-CAE9125F493D}.Release|Any CPU.Build.0 = Release|Any CPU
		{C942DB9B-8DD8-4B58-A61D-365CE042679F}.Debug|Any CPU.ActiveCfg = Debug|Any CPU
		{C942DB9B-8DD8-4B58-A61D-365CE042679F}.Debug|Any CPU.Build.0 = Debug|Any CPU
		{C942DB9B-8DD8-4B58-A61D-365CE042679F}.Release|Any CPU.ActiveCfg = Release|Any CPU
		{C942DB9B-8DD8-4B58-A61D-365CE042679F}.Release|Any CPU.Build.0 = Release|Any CPU
		{78449C04-94F0-4006-89AC-749436338D83}.Debug|Any CPU.ActiveCfg = Debug|Any CPU
		{78449C04-94F0-4006-89AC-749436338D83}.Debug|Any CPU.Build.0 = Debug|Any CPU
		{78449C04-94F0-4006-89AC-749436338D83}.Release|Any CPU.ActiveCfg = Release|Any CPU
		{78449C04-94F0-4006-89AC-749436338D83}.Release|Any CPU.Build.0 = Release|Any CPU
		{AF8E57CD-0DAE-4C79-8F50-48E7E779A30A}.Debug|Any CPU.ActiveCfg = Debug|Any CPU
		{AF8E57CD-0DAE-4C79-8F50-48E7E779A30A}.Debug|Any CPU.Build.0 = Debug|Any CPU
		{AF8E57CD-0DAE-4C79-8F50-48E7E779A30A}.Release|Any CPU.ActiveCfg = Release|Any CPU
		{AF8E57CD-0DAE-4C79-8F50-48E7E779A30A}.Release|Any CPU.Build.0 = Release|Any CPU
		{A0E0D793-39F7-4CA8-8FE4-B5536D88923F}.Debug|Any CPU.ActiveCfg = Debug|Any CPU
		{A0E0D793-39F7-4CA8-8FE4-B5536D88923F}.Debug|Any CPU.Build.0 = Debug|Any CPU
		{A0E0D793-39F7-4CA8-8FE4-B5536D88923F}.Release|Any CPU.ActiveCfg = Release|Any CPU
		{A0E0D793-39F7-4CA8-8FE4-B5536D88923F}.Release|Any CPU.Build.0 = Release|Any CPU
		{1F485786-61ED-4AEA-9DED-FA5BFB31397F}.Debug|Any CPU.ActiveCfg = Debug|Any CPU
		{1F485786-61ED-4AEA-9DED-FA5BFB31397F}.Debug|Any CPU.Build.0 = Debug|Any CPU
		{1F485786-61ED-4AEA-9DED-FA5BFB31397F}.Release|Any CPU.ActiveCfg = Release|Any CPU
		{1F485786-61ED-4AEA-9DED-FA5BFB31397F}.Release|Any CPU.Build.0 = Release|Any CPU
		{0BD41BC0-1F55-492A-ABC3-0F56010714E8}.Debug|Any CPU.ActiveCfg = Debug|Any CPU
		{0BD41BC0-1F55-492A-ABC3-0F56010714E8}.Debug|Any CPU.Build.0 = Debug|Any CPU
		{0BD41BC0-1F55-492A-ABC3-0F56010714E8}.Release|Any CPU.ActiveCfg = Release|Any CPU
		{0BD41BC0-1F55-492A-ABC3-0F56010714E8}.Release|Any CPU.Build.0 = Release|Any CPU
		{427CCB36-F5C3-4BDA-A18E-29B0BE7F7375}.Debug|Any CPU.ActiveCfg = Debug|Any CPU
		{427CCB36-F5C3-4BDA-A18E-29B0BE7F7375}.Debug|Any CPU.Build.0 = Debug|Any CPU
		{427CCB36-F5C3-4BDA-A18E-29B0BE7F7375}.Release|Any CPU.ActiveCfg = Release|Any CPU
		{427CCB36-F5C3-4BDA-A18E-29B0BE7F7375}.Release|Any CPU.Build.0 = Release|Any CPU
		{E865CDB5-5879-4B96-B24E-0ECA5CE0FC23}.Debug|Any CPU.ActiveCfg = Debug|Any CPU
		{E865CDB5-5879-4B96-B24E-0ECA5CE0FC23}.Debug|Any CPU.Build.0 = Debug|Any CPU
		{E865CDB5-5879-4B96-B24E-0ECA5CE0FC23}.Release|Any CPU.ActiveCfg = Release|Any CPU
		{E865CDB5-5879-4B96-B24E-0ECA5CE0FC23}.Release|Any CPU.Build.0 = Release|Any CPU
	EndGlobalSection
	GlobalSection(SolutionProperties) = preSolution
		HideSolutionNode = FALSE
	EndGlobalSection
	GlobalSection(ExtensibilityGlobals) = postSolution
		SolutionGuid = {15CF5828-BB7F-4088-812F-677759A1526F}
	EndGlobalSection
EndGlobal
