
Microsoft Visual Studio Solution File, Format Version 12.00
# Visual Studio Version 16
VisualStudioVersion = 16.0.30413.136
MinimumVisualStudioVersion = 10.0.40219.1
Project("{FAE04EC0-301F-11D3-BF4B-00C04F79EFBC}") = "JIRuiz_Ejer1", "JIRuiz_Ejer1\JIRuiz_Ejer1.csproj", "{CAEAB9E4-8BB1-466F-8C7D-D4805BE63701}"
EndProject
Global
	GlobalSection(SolutionConfigurationPlatforms) = preSolution
		Debug|Any CPU = Debug|Any CPU
		Release|Any CPU = Release|Any CPU
	EndGlobalSection
	GlobalSection(ProjectConfigurationPlatforms) = postSolution
		{CAEAB9E4-8BB1-466F-8C7D-D4805BE63701}.Debug|Any CPU.ActiveCfg = Debug|Any CPU
		{CAEAB9E4-8BB1-466F-8C7D-D4805BE63701}.Debug|Any CPU.Build.0 = Debug|Any CPU
		{CAEAB9E4-8BB1-466F-8C7D-D4805BE63701}.Release|Any CPU.ActiveCfg = Release|Any CPU
		{CAEAB9E4-8BB1-466F-8C7D-D4805BE63701}.Release|Any CPU.Build.0 = Release|Any CPU
	EndGlobalSection
	GlobalSection(SolutionProperties) = preSolution
		HideSolutionNode = FALSE
	EndGlobalSection
	GlobalSection(ExtensibilityGlobals) = postSolution
		SolutionGuid = {C6610D34-2FC1-4F6E-8AFB-4B001AE6CB4C}
	EndGlobalSection
EndGlobal
